
Microsoft Visual Studio Solution File, Format Version 12.00
# Visual Studio Version 16
VisualStudioVersion = 16.0.30907.101
MinimumVisualStudioVersion = 10.0.40219.1
Project("{FAE04EC0-301F-11D3-BF4B-00C04F79EFBC}") = "Assignment2", "Assignmnt2\Assignment2.csproj", "{7938CE16-7CF2-4CFE-B61C-ECB5173B122F}"
EndProject
Global
	GlobalSection(SolutionConfigurationPlatforms) = preSolution
		Debug|Any CPU = Debug|Any CPU
		Release|Any CPU = Release|Any CPU
	EndGlobalSection
	GlobalSection(ProjectConfigurationPlatforms) = postSolution
		{7938CE16-7CF2-4CFE-B61C-ECB5173B122F}.Debug|Any CPU.ActiveCfg = Debug|Any CPU
		{7938CE16-7CF2-4CFE-B61C-ECB5173B122F}.Debug|Any CPU.Build.0 = Debug|Any CPU
		{7938CE16-7CF2-4CFE-B61C-ECB5173B122F}.Release|Any CPU.ActiveCfg = Release|Any CPU
		{7938CE16-7CF2-4CFE-B61C-ECB5173B122F}.Release|Any CPU.Build.0 = Release|Any CPU
	EndGlobalSection
	GlobalSection(SolutionProperties) = preSolution
		HideSolutionNode = FALSE
	EndGlobalSection
	GlobalSection(ExtensibilityGlobals) = postSolution
		SolutionGuid = {7E5103B5-1ACA-4816-95AD-FE5B599B8356}
	EndGlobalSection
EndGlobal
